
Microsoft Visual Studio Solution File, Format Version 12.00
# Visual Studio Version 16
VisualStudioVersion = 16.0.31911.196
MinimumVisualStudioVersion = 10.0.40219.1
Project("{FAE04EC0-301F-11D3-BF4B-00C04F79EFBC}") = "TruongNgocThanh_BigSchool", "TruongNgocThanh_BigSchool\TruongNgocThanh_BigSchool.csproj", "{1F336ABC-A95A-4239-B516-F6B28978D099}"
EndProject
Global
	GlobalSection(SolutionConfigurationPlatforms) = preSolution
		Debug|Any CPU = Debug|Any CPU
		Release|Any CPU = Release|Any CPU
	EndGlobalSection
	GlobalSection(ProjectConfigurationPlatforms) = postSolution
		{1F336ABC-A95A-4239-B516-F6B28978D099}.Debug|Any CPU.ActiveCfg = Debug|Any CPU
		{1F336ABC-A95A-4239-B516-F6B28978D099}.Debug|Any CPU.Build.0 = Debug|Any CPU
		{1F336ABC-A95A-4239-B516-F6B28978D099}.Release|Any CPU.ActiveCfg = Release|Any CPU
		{1F336ABC-A95A-4239-B516-F6B28978D099}.Release|Any CPU.Build.0 = Release|Any CPU
	EndGlobalSection
	GlobalSection(SolutionProperties) = preSolution
		HideSolutionNode = FALSE
	EndGlobalSection
	GlobalSection(ExtensibilityGlobals) = postSolution
		SolutionGuid = {3FD50A2D-B42E-4484-AEB5-EF17BF0B590E}
	EndGlobalSection
EndGlobal
